
Microsoft Visual Studio Solution File, Format Version 12.00
# Visual Studio Version 16
VisualStudioVersion = 16.0.33214.272
MinimumVisualStudioVersion = 10.0.40219.1
Project("{FAE04EC0-301F-11D3-BF4B-00C04F79EFBC}") = "BackendDevIntroConsoleApp", "BackendDevIntroConsoleApp\BackendDevIntroConsoleApp.csproj", "{CBF484E6-04F3-4136-81DC-559E42F011B4}"
EndProject
Global
	GlobalSection(SolutionConfigurationPlatforms) = preSolution
		Debug|Any CPU = Debug|Any CPU
		Release|Any CPU = Release|Any CPU
	EndGlobalSection
	GlobalSection(ProjectConfigurationPlatforms) = postSolution
		{CBF484E6-04F3-4136-81DC-559E42F011B4}.Debug|Any CPU.ActiveCfg = Debug|Any CPU
		{CBF484E6-04F3-4136-81DC-559E42F011B4}.Debug|Any CPU.Build.0 = Debug|Any CPU
		{CBF484E6-04F3-4136-81DC-559E42F011B4}.Release|Any CPU.ActiveCfg = Release|Any CPU
		{CBF484E6-04F3-4136-81DC-559E42F011B4}.Release|Any CPU.Build.0 = Release|Any CPU
	EndGlobalSection
	GlobalSection(SolutionProperties) = preSolution
		HideSolutionNode = FALSE
	EndGlobalSection
	GlobalSection(ExtensibilityGlobals) = postSolution
		SolutionGuid = {AA6CE273-0BBB-4725-8A7F-390BACBC6839}
	EndGlobalSection
EndGlobal
